// !$*UTF8*$!
{
	archiveVersion = 1;
	classes = {
	};
	objectVersion = 56;
	objects = {

/* Begin PBXBuildFile section */
		891D31D6290951FF00EC0ECE /* FilterViewModel.swift in Sources */ = {isa = PBXBuildFile; fileRef = 891D31D5290951FF00EC0ECE /* FilterViewModel.swift */; };
		8937A27A290C709600A0C305 /* SearchItem.swift in Sources */ = {isa = PBXBuildFile; fileRef = 8937A279290C709600A0C305 /* SearchItem.swift */; };
		8937A27C290C783E00A0C305 /* FilterItemsModel.swift in Sources */ = {isa = PBXBuildFile; fileRef = 8937A27B290C783E00A0C305 /* FilterItemsModel.swift */; };
		8937A280290D2E7800A0C305 /* WebViewViewController.swift in Sources */ = {isa = PBXBuildFile; fileRef = 8937A27F290D2E7700A0C305 /* WebViewViewController.swift */; };
		8937A282290D2F3800A0C305 /* WebViewViewModel.swift in Sources */ = {isa = PBXBuildFile; fileRef = 8937A281290D2F3800A0C305 /* WebViewViewModel.swift */; };
		893ED8122905485600C599F6 /* SearchViewController.swift in Sources */ = {isa = PBXBuildFile; fileRef = 893ED8112905485500C599F6 /* SearchViewController.swift */; };
		893ED8142905485F00C599F6 /* SearchViewModel.swift in Sources */ = {isa = PBXBuildFile; fileRef = 893ED8132905485F00C599F6 /* SearchViewModel.swift */; };
		8951EF04290ABF2700C7CF22 /* FilterSelectorsViewModel.swift in Sources */ = {isa = PBXBuildFile; fileRef = 8951EF03290ABF2700C7CF22 /* FilterSelectorsViewModel.swift */; };
		8967182529080B6200735000 /* FilterViewController.swift in Sources */ = {isa = PBXBuildFile; fileRef = 8967182429080B6200735000 /* FilterViewController.swift */; };
		89720689290ABE7C00AC37BE /* FilterSelectorsViewController.swift in Sources */ = {isa = PBXBuildFile; fileRef = 89720688290ABE7C00AC37BE /* FilterSelectorsViewController.swift */; };
		89A7C0632902CB9D00344A79 /* UIView + Extension.swift in Sources */ = {isa = PBXBuildFile; fileRef = 89A7C0622902CB9D00344A79 /* UIView + Extension.swift */; };
		89B17BD52907FCDC0041A9C1 /* SearchHistoryTableViewCellViewModel.swift in Sources */ = {isa = PBXBuildFile; fileRef = 89B17BD42907FCDC0041A9C1 /* SearchHistoryTableViewCellViewModel.swift */; };
		89BB944D290BC86900F3F15A /* FiltersManager.swift in Sources */ = {isa = PBXBuildFile; fileRef = 89BB944C290BC86900F3F15A /* FiltersManager.swift */; };
		89C6043C290129B10071A198 /* AppDelegate.swift in Sources */ = {isa = PBXBuildFile; fileRef = 89C6043B290129B10071A198 /* AppDelegate.swift */; };
		89C6043E290129B10071A198 /* SceneDelegate.swift in Sources */ = {isa = PBXBuildFile; fileRef = 89C6043D290129B10071A198 /* SceneDelegate.swift */; };
		89C60440290129B10071A198 /* NewsViewController.swift in Sources */ = {isa = PBXBuildFile; fileRef = 89C6043F290129B10071A198 /* NewsViewController.swift */; };
		89C60443290129B10071A198 /* Main.storyboard in Resources */ = {isa = PBXBuildFile; fileRef = 89C60441290129B10071A198 /* Main.storyboard */; };
		89C60445290129B30071A198 /* Assets.xcassets in Resources */ = {isa = PBXBuildFile; fileRef = 89C60444290129B30071A198 /* Assets.xcassets */; };
		89C60448290129B30071A198 /* LaunchScreen.storyboard in Resources */ = {isa = PBXBuildFile; fileRef = 89C60446290129B30071A198 /* LaunchScreen.storyboard */; };
		89C60452290129E40071A198 /* NewsViewModel.swift in Sources */ = {isa = PBXBuildFile; fileRef = 89C60451290129E40071A198 /* NewsViewModel.swift */; };
		89C60457290133C60071A198 /* NewsTableViewCell.swift in Sources */ = {isa = PBXBuildFile; fileRef = 89C60455290133C60071A198 /* NewsTableViewCell.swift */; };
		89C60458290133C60071A198 /* NewsTableViewCell.xib in Resources */ = {isa = PBXBuildFile; fileRef = 89C60456290133C60071A198 /* NewsTableViewCell.xib */; };
		89C6045B290136B90071A198 /* NetworkManager.swift in Sources */ = {isa = PBXBuildFile; fileRef = 89C6045A290136B90071A198 /* NetworkManager.swift */; };
		89C6045E29013A520071A198 /* NewsModel.swift in Sources */ = {isa = PBXBuildFile; fileRef = 89C6045D29013A520071A198 /* NewsModel.swift */; };
		89C6046129013B360071A198 /* NewsTableViewCellViewModel.swift in Sources */ = {isa = PBXBuildFile; fileRef = 89C6046029013B360071A198 /* NewsTableViewCellViewModel.swift */; };
		89C6046329013F0A0071A198 /* UIImageView + Extension.swift in Sources */ = {isa = PBXBuildFile; fileRef = 89C6046229013F0A0071A198 /* UIImageView + Extension.swift */; };
		89FE883E2906D51100E88969 /* SearchHistoryTableViewCell.swift in Sources */ = {isa = PBXBuildFile; fileRef = 89FE883C2906D51100E88969 /* SearchHistoryTableViewCell.swift */; };
		89FE883F2906D51200E88969 /* SearchHistoryTableViewCell.xib in Resources */ = {isa = PBXBuildFile; fileRef = 89FE883D2906D51100E88969 /* SearchHistoryTableViewCell.xib */; };
/* End PBXBuildFile section */

/* Begin PBXFileReference section */
		891D31D5290951FF00EC0ECE /* FilterViewModel.swift */ = {isa = PBXFileReference; lastKnownFileType = sourcecode.swift; path = FilterViewModel.swift; sourceTree = "<group>"; };
		8937A279290C709600A0C305 /* SearchItem.swift */ = {isa = PBXFileReference; lastKnownFileType = sourcecode.swift; path = SearchItem.swift; sourceTree = "<group>"; };
		8937A27B290C783E00A0C305 /* FilterItemsModel.swift */ = {isa = PBXFileReference; lastKnownFileType = sourcecode.swift; path = FilterItemsModel.swift; sourceTree = "<group>"; };
		8937A27F290D2E7700A0C305 /* WebViewViewController.swift */ = {isa = PBXFileReference; lastKnownFileType = sourcecode.swift; path = WebViewViewController.swift; sourceTree = "<group>"; };
		8937A281290D2F3800A0C305 /* WebViewViewModel.swift */ = {isa = PBXFileReference; lastKnownFileType = sourcecode.swift; path = WebViewViewModel.swift; sourceTree = "<group>"; };
		893ED8112905485500C599F6 /* SearchViewController.swift */ = {isa = PBXFileReference; lastKnownFileType = sourcecode.swift; path = SearchViewController.swift; sourceTree = "<group>"; };
		893ED8132905485F00C599F6 /* SearchViewModel.swift */ = {isa = PBXFileReference; lastKnownFileType = sourcecode.swift; path = SearchViewModel.swift; sourceTree = "<group>"; };
		8951EF03290ABF2700C7CF22 /* FilterSelectorsViewModel.swift */ = {isa = PBXFileReference; lastKnownFileType = sourcecode.swift; path = FilterSelectorsViewModel.swift; sourceTree = "<group>"; };
		8967182429080B6200735000 /* FilterViewController.swift */ = {isa = PBXFileReference; lastKnownFileType = sourcecode.swift; path = FilterViewController.swift; sourceTree = "<group>"; };
		89720688290ABE7C00AC37BE /* FilterSelectorsViewController.swift */ = {isa = PBXFileReference; lastKnownFileType = sourcecode.swift; path = FilterSelectorsViewController.swift; sourceTree = "<group>"; };
		89A7C0622902CB9D00344A79 /* UIView + Extension.swift */ = {isa = PBXFileReference; lastKnownFileType = sourcecode.swift; path = "UIView + Extension.swift"; sourceTree = "<group>"; };
		89B17BD42907FCDC0041A9C1 /* SearchHistoryTableViewCellViewModel.swift */ = {isa = PBXFileReference; lastKnownFileType = sourcecode.swift; path = SearchHistoryTableViewCellViewModel.swift; sourceTree = "<group>"; };
		89BB944C290BC86900F3F15A /* FiltersManager.swift */ = {isa = PBXFileReference; lastKnownFileType = sourcecode.swift; path = FiltersManager.swift; sourceTree = "<group>"; };
		89C60438290129B10071A198 /* NewsTask.app */ = {isa = PBXFileReference; explicitFileType = wrapper.application; includeInIndex = 0; path = NewsTask.app; sourceTree = BUILT_PRODUCTS_DIR; };
		89C6043B290129B10071A198 /* AppDelegate.swift */ = {isa = PBXFileReference; lastKnownFileType = sourcecode.swift; path = AppDelegate.swift; sourceTree = "<group>"; };
		89C6043D290129B10071A198 /* SceneDelegate.swift */ = {isa = PBXFileReference; lastKnownFileType = sourcecode.swift; path = SceneDelegate.swift; sourceTree = "<group>"; };
		89C6043F290129B10071A198 /* NewsViewController.swift */ = {isa = PBXFileReference; lastKnownFileType = sourcecode.swift; path = NewsViewController.swift; sourceTree = "<group>"; };
		89C60442290129B10071A198 /* Base */ = {isa = PBXFileReference; lastKnownFileType = file.storyboard; name = Base; path = Base.lproj/Main.storyboard; sourceTree = "<group>"; };
		89C60444290129B30071A198 /* Assets.xcassets */ = {isa = PBXFileReference; lastKnownFileType = folder.assetcatalog; path = Assets.xcassets; sourceTree = "<group>"; };
		89C60447290129B30071A198 /* Base */ = {isa = PBXFileReference; lastKnownFileType = file.storyboard; name = Base; path = Base.lproj/LaunchScreen.storyboard; sourceTree = "<group>"; };
		89C60449290129B30071A198 /* Info.plist */ = {isa = PBXFileReference; lastKnownFileType = text.plist.xml; path = Info.plist; sourceTree = "<group>"; };
		89C60451290129E40071A198 /* NewsViewModel.swift */ = {isa = PBXFileReference; lastKnownFileType = sourcecode.swift; path = NewsViewModel.swift; sourceTree = "<group>"; };
		89C60455290133C60071A198 /* NewsTableViewCell.swift */ = {isa = PBXFileReference; lastKnownFileType = sourcecode.swift; path = NewsTableViewCell.swift; sourceTree = "<group>"; };
		89C60456290133C60071A198 /* NewsTableViewCell.xib */ = {isa = PBXFileReference; lastKnownFileType = file.xib; path = NewsTableViewCell.xib; sourceTree = "<group>"; };
		89C6045A290136B90071A198 /* NetworkManager.swift */ = {isa = PBXFileReference; lastKnownFileType = sourcecode.swift; path = NetworkManager.swift; sourceTree = "<group>"; };
		89C6045D29013A520071A198 /* NewsModel.swift */ = {isa = PBXFileReference; lastKnownFileType = sourcecode.swift; path = NewsModel.swift; sourceTree = "<group>"; };
		89C6046029013B360071A198 /* NewsTableViewCellViewModel.swift */ = {isa = PBXFileReference; lastKnownFileType = sourcecode.swift; path = NewsTableViewCellViewModel.swift; sourceTree = "<group>"; };
		89C6046229013F0A0071A198 /* UIImageView + Extension.swift */ = {isa = PBXFileReference; lastKnownFileType = sourcecode.swift; path = "UIImageView + Extension.swift"; sourceTree = "<group>"; };
		89FE883C2906D51100E88969 /* SearchHistoryTableViewCell.swift */ = {isa = PBXFileReference; lastKnownFileType = sourcecode.swift; path = SearchHistoryTableViewCell.swift; sourceTree = "<group>"; };
		89FE883D2906D51100E88969 /* SearchHistoryTableViewCell.xib */ = {isa = PBXFileReference; lastKnownFileType = file.xib; path = SearchHistoryTableViewCell.xib; sourceTree = "<group>"; };
/* End PBXFileReference section */

/* Begin PBXFrameworksBuildPhase section */
		89C60435290129B10071A198 /* Frameworks */ = {
			isa = PBXFrameworksBuildPhase;
			buildActionMask = 2147483647;
			files = (
			);
			runOnlyForDeploymentPostprocessing = 0;
		};
/* End PBXFrameworksBuildPhase section */

/* Begin PBXGroup section */
		891D31D4290951F000EC0ECE /* FilterViewController */ = {
			isa = PBXGroup;
			children = (
				8967182429080B6200735000 /* FilterViewController.swift */,
				891D31D5290951FF00EC0ECE /* FilterViewModel.swift */,
			);
			path = FilterViewController;
			sourceTree = "<group>";
		};
		893ED8152905486300C599F6 /* SearchViewController */ = {
			isa = PBXGroup;
			children = (
				893ED8112905485500C599F6 /* SearchViewController.swift */,
				893ED8132905485F00C599F6 /* SearchViewModel.swift */,
				89B17BD6290801960041A9C1 /* SearchHistoryTableViewCell */,
			);
			path = SearchViewController;
			sourceTree = "<group>";
		};
		8951EF05290ABF7D00C7CF22 /* FilterSelectorViewController */ = {
			isa = PBXGroup;
			children = (
				89720688290ABE7C00AC37BE /* FilterSelectorsViewController.swift */,
				8951EF03290ABF2700C7CF22 /* FilterSelectorsViewModel.swift */,
			);
			path = FilterSelectorViewController;
			sourceTree = "<group>";
		};
		898A99B02902C18E00393980 /* Extensions */ = {
			isa = PBXGroup;
			children = (
				89C6046229013F0A0071A198 /* UIImageView + Extension.swift */,
				89A7C0622902CB9D00344A79 /* UIView + Extension.swift */,
			);
			path = Extensions;
			sourceTree = "<group>";
		};
		89B17BD6290801960041A9C1 /* SearchHistoryTableViewCell */ = {
			isa = PBXGroup;
			children = (
				89FE883C2906D51100E88969 /* SearchHistoryTableViewCell.swift */,
				89B17BD42907FCDC0041A9C1 /* SearchHistoryTableViewCellViewModel.swift */,
				89FE883D2906D51100E88969 /* SearchHistoryTableViewCell.xib */,
			);
			path = SearchHistoryTableViewCell;
			sourceTree = "<group>";
		};
		89C6042F290129B10071A198 = {
			isa = PBXGroup;
			children = (
				89C6043A290129B10071A198 /* NewsTask */,
				89C60439290129B10071A198 /* Products */,
			);
			sourceTree = "<group>";
		};
		89C60439290129B10071A198 /* Products */ = {
			isa = PBXGroup;
			children = (
				89C60438290129B10071A198 /* NewsTask.app */,
			);
			name = Products;
			sourceTree = "<group>";
		};
		89C6043A290129B10071A198 /* NewsTask */ = {
			isa = PBXGroup;
			children = (
				89C6044F290129BE0071A198 /* Application */,
				893ED8152905486300C599F6 /* SearchViewController */,
				891D31D4290951F000EC0ECE /* FilterViewController */,
				8951EF05290ABF7D00C7CF22 /* FilterSelectorViewController */,
				89C60450290129D80071A198 /* NewsViewController */,
				89C6045C290136C80071A198 /* Services */,
				89C6045F29013A630071A198 /* Models */,
				898A99B02902C18E00393980 /* Extensions */,
				89C60453290129E90071A198 /* Storyboards */,
				89C60454290129F10071A198 /* Resources */,
			);
			path = NewsTask;
			sourceTree = "<group>";
		};
		89C6044F290129BE0071A198 /* Application */ = {
			isa = PBXGroup;
			children = (
				89C6043B290129B10071A198 /* AppDelegate.swift */,
				89C6043D290129B10071A198 /* SceneDelegate.swift */,
				89C60449290129B30071A198 /* Info.plist */,
				8937A27F290D2E7700A0C305 /* WebViewViewController.swift */,
				8937A281290D2F3800A0C305 /* WebViewViewModel.swift */,
			);
			path = Application;
			sourceTree = "<group>";
		};
		89C60450290129D80071A198 /* NewsViewController */ = {
			isa = PBXGroup;
			children = (
				89C6043F290129B10071A198 /* NewsViewController.swift */,
				89C60451290129E40071A198 /* NewsViewModel.swift */,
				89C60459290133CC0071A198 /* NewsTableViewCell */,
			);
			path = NewsViewController;
			sourceTree = "<group>";
		};
		89C60453290129E90071A198 /* Storyboards */ = {
			isa = PBXGroup;
			children = (
				89C60441290129B10071A198 /* Main.storyboard */,
				89C60446290129B30071A198 /* LaunchScreen.storyboard */,
			);
			path = Storyboards;
			sourceTree = "<group>";
		};
		89C60454290129F10071A198 /* Resources */ = {
			isa = PBXGroup;
			children = (
				89C60444290129B30071A198 /* Assets.xcassets */,
			);
			path = Resources;
			sourceTree = "<group>";
		};
		89C60459290133CC0071A198 /* NewsTableViewCell */ = {
			isa = PBXGroup;
			children = (
				89C60455290133C60071A198 /* NewsTableViewCell.swift */,
				89C6046029013B360071A198 /* NewsTableViewCellViewModel.swift */,
				89C60456290133C60071A198 /* NewsTableViewCell.xib */,
			);
			path = NewsTableViewCell;
			sourceTree = "<group>";
		};
		89C6045C290136C80071A198 /* Services */ = {
			isa = PBXGroup;
			children = (
				89C6045A290136B90071A198 /* NetworkManager.swift */,
				89BB944C290BC86900F3F15A /* FiltersManager.swift */,
			);
			path = Services;
			sourceTree = "<group>";
		};
		89C6045F29013A630071A198 /* Models */ = {
			isa = PBXGroup;
			children = (
				89C6045D29013A520071A198 /* NewsModel.swift */,
				8937A279290C709600A0C305 /* SearchItem.swift */,
				8937A27B290C783E00A0C305 /* FilterItemsModel.swift */,
			);
			path = Models;
			sourceTree = "<group>";
		};
/* End PBXGroup section */

/* Begin PBXNativeTarget section */
		89C60437290129B10071A198 /* NewsTask */ = {
			isa = PBXNativeTarget;
			buildConfigurationList = 89C6044C290129B30071A198 /* Build configuration list for PBXNativeTarget "NewsTask" */;
			buildPhases = (
				89C60434290129B10071A198 /* Sources */,
				89C60435290129B10071A198 /* Frameworks */,
				89C60436290129B10071A198 /* Resources */,
			);
			buildRules = (
			);
			dependencies = (
			);
			name = NewsTask;
			productName = NewsTask;
			productReference = 89C60438290129B10071A198 /* NewsTask.app */;
			productType = "com.apple.product-type.application";
		};
/* End PBXNativeTarget section */

/* Begin PBXProject section */
		89C60430290129B10071A198 /* Project object */ = {
			isa = PBXProject;
			attributes = {
				BuildIndependentTargetsInParallel = 1;
				LastSwiftUpdateCheck = 1400;
				LastUpgradeCheck = 1400;
				TargetAttributes = {
					89C60437290129B10071A198 = {
						CreatedOnToolsVersion = 14.0;
					};
				};
			};
			buildConfigurationList = 89C60433290129B10071A198 /* Build configuration list for PBXProject "NewsTask" */;
			compatibilityVersion = "Xcode 14.0";
			developmentRegion = en;
			hasScannedForEncodings = 0;
			knownRegions = (
				en,
				Base,
			);
			mainGroup = 89C6042F290129B10071A198;
			productRefGroup = 89C60439290129B10071A198 /* Products */;
			projectDirPath = "";
			projectRoot = "";
			targets = (
				89C60437290129B10071A198 /* NewsTask */,
			);
		};
/* End PBXProject section */

/* Begin PBXResourcesBuildPhase section */
		89C60436290129B10071A198 /* Resources */ = {
			isa = PBXResourcesBuildPhase;
			buildActionMask = 2147483647;
			files = (
				89C60448290129B30071A198 /* LaunchScreen.storyboard in Resources */,
				89C60445290129B30071A198 /* Assets.xcassets in Resources */,
				89C60458290133C60071A198 /* NewsTableViewCell.xib in Resources */,
				89FE883F2906D51200E88969 /* SearchHistoryTableViewCell.xib in Resources */,
				89C60443290129B10071A198 /* Main.storyboard in Resources */,
			);
			runOnlyForDeploymentPostprocessing = 0;
		};
/* End PBXResourcesBuildPhase section */

/* Begin PBXSourcesBuildPhase section */
		89C60434290129B10071A198 /* Sources */ = {
			isa = PBXSourcesBuildPhase;
			buildActionMask = 2147483647;
			files = (
				89C6045E29013A520071A198 /* NewsModel.swift in Sources */,
				893ED8122905485600C599F6 /* SearchViewController.swift in Sources */,
				8937A27C290C783E00A0C305 /* FilterItemsModel.swift in Sources */,
				891D31D6290951FF00EC0ECE /* FilterViewModel.swift in Sources */,
				89720689290ABE7C00AC37BE /* FilterSelectorsViewController.swift in Sources */,
				89C6045B290136B90071A198 /* NetworkManager.swift in Sources */,
				89C60440290129B10071A198 /* NewsViewController.swift in Sources */,
				89A7C0632902CB9D00344A79 /* UIView + Extension.swift in Sources */,
				8951EF04290ABF2700C7CF22 /* FilterSelectorsViewModel.swift in Sources */,
				89C6046329013F0A0071A198 /* UIImageView + Extension.swift in Sources */,
				89FE883E2906D51100E88969 /* SearchHistoryTableViewCell.swift in Sources */,
				89B17BD52907FCDC0041A9C1 /* SearchHistoryTableViewCellViewModel.swift in Sources */,
				893ED8142905485F00C599F6 /* SearchViewModel.swift in Sources */,
				8967182529080B6200735000 /* FilterViewController.swift in Sources */,
				8937A27A290C709600A0C305 /* SearchItem.swift in Sources */,
				89C6043C290129B10071A198 /* AppDelegate.swift in Sources */,
				89BB944D290BC86900F3F15A /* FiltersManager.swift in Sources */,
				89C60457290133C60071A198 /* NewsTableViewCell.swift in Sources */,
				89C6043E290129B10071A198 /* SceneDelegate.swift in Sources */,
				89C6046129013B360071A198 /* NewsTableViewCellViewModel.swift in Sources */,
				89C60452290129E40071A198 /* NewsViewModel.swift in Sources */,
				8937A282290D2F3800A0C305 /* WebViewViewModel.swift in Sources */,
				8937A280290D2E7800A0C305 /* WebViewViewController.swift in Sources */,
			);
			runOnlyForDeploymentPostprocessing = 0;
		};
/* End PBXSourcesBuildPhase section */

/* Begin PBXVariantGroup section */
		89C60441290129B10071A198 /* Main.storyboard */ = {
			isa = PBXVariantGroup;
			children = (
				89C60442290129B10071A198 /* Base */,
			);
			name = Main.storyboard;
			sourceTree = "<group>";
		};
		89C60446290129B30071A198 /* LaunchScreen.storyboard */ = {
			isa = PBXVariantGroup;
			children = (
				89C60447290129B30071A198 /* Base */,
			);
			name = LaunchScreen.storyboard;
			sourceTree = "<group>";
		};
/* End PBXVariantGroup section */

/* Begin XCBuildConfiguration section */
		89C6044A290129B30071A198 /* Debug */ = {
			isa = XCBuildConfiguration;
			buildSettings = {
				ALWAYS_SEARCH_USER_PATHS = NO;
				CLANG_ANALYZER_NONNULL = YES;
				CLANG_ANALYZER_NUMBER_OBJECT_CONVERSION = YES_AGGRESSIVE;
				CLANG_CXX_LANGUAGE_STANDARD = "gnu++20";
				CLANG_ENABLE_MODULES = YES;
				CLANG_ENABLE_OBJC_ARC = YES;
				CLANG_ENABLE_OBJC_WEAK = YES;
				CLANG_WARN_BLOCK_CAPTURE_AUTORELEASING = YES;
				CLANG_WARN_BOOL_CONVERSION = YES;
				CLANG_WARN_COMMA = YES;
				CLANG_WARN_CONSTANT_CONVERSION = YES;
				CLANG_WARN_DEPRECATED_OBJC_IMPLEMENTATIONS = YES;
				CLANG_WARN_DIRECT_OBJC_ISA_USAGE = YES_ERROR;
				CLANG_WARN_DOCUMENTATION_COMMENTS = YES;
				CLANG_WARN_EMPTY_BODY = YES;
				CLANG_WARN_ENUM_CONVERSION = YES;
				CLANG_WARN_INFINITE_RECURSION = YES;
				CLANG_WARN_INT_CONVERSION = YES;
				CLANG_WARN_NON_LITERAL_NULL_CONVERSION = YES;
				CLANG_WARN_OBJC_IMPLICIT_RETAIN_SELF = YES;
				CLANG_WARN_OBJC_LITERAL_CONVERSION = YES;
				CLANG_WARN_OBJC_ROOT_CLASS = YES_ERROR;
				CLANG_WARN_QUOTED_INCLUDE_IN_FRAMEWORK_HEADER = YES;
				CLANG_WARN_RANGE_LOOP_ANALYSIS = YES;
				CLANG_WARN_STRICT_PROTOTYPES = YES;
				CLANG_WARN_SUSPICIOUS_MOVE = YES;
				CLANG_WARN_UNGUARDED_AVAILABILITY = YES_AGGRESSIVE;
				CLANG_WARN_UNREACHABLE_CODE = YES;
				CLANG_WARN__DUPLICATE_METHOD_MATCH = YES;
				COPY_PHASE_STRIP = NO;
				DEBUG_INFORMATION_FORMAT = dwarf;
				ENABLE_STRICT_OBJC_MSGSEND = YES;
				ENABLE_TESTABILITY = YES;
				GCC_C_LANGUAGE_STANDARD = gnu11;
				GCC_DYNAMIC_NO_PIC = NO;
				GCC_NO_COMMON_BLOCKS = YES;
				GCC_OPTIMIZATION_LEVEL = 0;
				GCC_PREPROCESSOR_DEFINITIONS = (
					"DEBUG=1",
					"$(inherited)",
				);
				GCC_WARN_64_TO_32_BIT_CONVERSION = YES;
				GCC_WARN_ABOUT_RETURN_TYPE = YES_ERROR;
				GCC_WARN_UNDECLARED_SELECTOR = YES;
				GCC_WARN_UNINITIALIZED_AUTOS = YES_AGGRESSIVE;
				GCC_WARN_UNUSED_FUNCTION = YES;
				GCC_WARN_UNUSED_VARIABLE = YES;
				IPHONEOS_DEPLOYMENT_TARGET = 16.0;
				MTL_ENABLE_DEBUG_INFO = INCLUDE_SOURCE;
				MTL_FAST_MATH = YES;
				ONLY_ACTIVE_ARCH = YES;
				SDKROOT = iphoneos;
				SWIFT_ACTIVE_COMPILATION_CONDITIONS = DEBUG;
				SWIFT_OPTIMIZATION_LEVEL = "-Onone";
			};
			name = Debug;
		};
		89C6044B290129B30071A198 /* Release */ = {
			isa = XCBuildConfiguration;
			buildSettings = {
				ALWAYS_SEARCH_USER_PATHS = NO;
				CLANG_ANALYZER_NONNULL = YES;
				CLANG_ANALYZER_NUMBER_OBJECT_CONVERSION = YES_AGGRESSIVE;
				CLANG_CXX_LANGUAGE_STANDARD = "gnu++20";
				CLANG_ENABLE_MODULES = YES;
				CLANG_ENABLE_OBJC_ARC = YES;
				CLANG_ENABLE_OBJC_WEAK = YES;
				CLANG_WARN_BLOCK_CAPTURE_AUTORELEASING = YES;
				CLANG_WARN_BOOL_CONVERSION = YES;
				CLANG_WARN_COMMA = YES;
				CLANG_WARN_CONSTANT_CONVERSION = YES;
				CLANG_WARN_DEPRECATED_OBJC_IMPLEMENTATIONS = YES;
				CLANG_WARN_DIRECT_OBJC_ISA_USAGE = YES_ERROR;
				CLANG_WARN_DOCUMENTATION_COMMENTS = YES;
				CLANG_WARN_EMPTY_BODY = YES;
				CLANG_WARN_ENUM_CONVERSION = YES;
				CLANG_WARN_INFINITE_RECURSION = YES;
				CLANG_WARN_INT_CONVERSION = YES;
				CLANG_WARN_NON_LITERAL_NULL_CONVERSION = YES;
				CLANG_WARN_OBJC_IMPLICIT_RETAIN_SELF = YES;
				CLANG_WARN_OBJC_LITERAL_CONVERSION = YES;
				CLANG_WARN_OBJC_ROOT_CLASS = YES_ERROR;
				CLANG_WARN_QUOTED_INCLUDE_IN_FRAMEWORK_HEADER = YES;
				CLANG_WARN_RANGE_LOOP_ANALYSIS = YES;
				CLANG_WARN_STRICT_PROTOTYPES = YES;
				CLANG_WARN_SUSPICIOUS_MOVE = YES;
				CLANG_WARN_UNGUARDED_AVAILABILITY = YES_AGGRESSIVE;
				CLANG_WARN_UNREACHABLE_CODE = YES;
				CLANG_WARN__DUPLICATE_METHOD_MATCH = YES;
				COPY_PHASE_STRIP = NO;
				DEBUG_INFORMATION_FORMAT = "dwarf-with-dsym";
				ENABLE_NS_ASSERTIONS = NO;
				ENABLE_STRICT_OBJC_MSGSEND = YES;
				GCC_C_LANGUAGE_STANDARD = gnu11;
				GCC_NO_COMMON_BLOCKS = YES;
				GCC_WARN_64_TO_32_BIT_CONVERSION = YES;
				GCC_WARN_ABOUT_RETURN_TYPE = YES_ERROR;
				GCC_WARN_UNDECLARED_SELECTOR = YES;
				GCC_WARN_UNINITIALIZED_AUTOS = YES_AGGRESSIVE;
				GCC_WARN_UNUSED_FUNCTION = YES;
				GCC_WARN_UNUSED_VARIABLE = YES;
				IPHONEOS_DEPLOYMENT_TARGET = 16.0;
				MTL_ENABLE_DEBUG_INFO = NO;
				MTL_FAST_MATH = YES;
				SDKROOT = iphoneos;
				SWIFT_COMPILATION_MODE = wholemodule;
				SWIFT_OPTIMIZATION_LEVEL = "-O";
				VALIDATE_PRODUCT = YES;
			};
			name = Release;
		};
		89C6044D290129B30071A198 /* Debug */ = {
			isa = XCBuildConfiguration;
			buildSettings = {
				ASSETCATALOG_COMPILER_APPICON_NAME = AppIcon;
				ASSETCATALOG_COMPILER_GLOBAL_ACCENT_COLOR_NAME = AccentColor;
				CODE_SIGN_STYLE = Automatic;
				CURRENT_PROJECT_VERSION = 1;
				DEVELOPMENT_TEAM = V2AAW35578;
				GENERATE_INFOPLIST_FILE = YES;
				INFOPLIST_FILE = NewsTask/Application/Info.plist;
				INFOPLIST_KEY_UIApplicationSupportsIndirectInputEvents = YES;
				INFOPLIST_KEY_UILaunchStoryboardName = LaunchScreen;
				INFOPLIST_KEY_UIMainStoryboardFile = Main;
				INFOPLIST_KEY_UISupportedInterfaceOrientations_iPad = "UIInterfaceOrientationPortrait UIInterfaceOrientationPortraitUpsideDown UIInterfaceOrientationLandscapeLeft UIInterfaceOrientationLandscapeRight";
				INFOPLIST_KEY_UISupportedInterfaceOrientations_iPhone = "UIInterfaceOrientationPortrait UIInterfaceOrientationLandscapeLeft UIInterfaceOrientationLandscapeRight";
				LD_RUNPATH_SEARCH_PATHS = (
					"$(inherited)",
					"@executable_path/Frameworks",
				);
				MARKETING_VERSION = 1.0;
				PRODUCT_BUNDLE_IDENTIFIER = clown.NewsTask;
				PRODUCT_NAME = "$(TARGET_NAME)";
				SWIFT_EMIT_LOC_STRINGS = YES;
				SWIFT_VERSION = 5.0;
				TARGETED_DEVICE_FAMILY = "1,2";
			};
			name = Debug;
		};
		89C6044E290129B30071A198 /* Release */ = {
			isa = XCBuildConfiguration;
			buildSettings = {
				ASSETCATALOG_COMPILER_APPICON_NAME = AppIcon;
				ASSETCATALOG_COMPILER_GLOBAL_ACCENT_COLOR_NAME = AccentColor;
				CODE_SIGN_STYLE = Automatic;
				CURRENT_PROJECT_VERSION = 1;
				DEVELOPMENT_TEAM = V2AAW35578;
				GENERATE_INFOPLIST_FILE = YES;
				INFOPLIST_FILE = NewsTask/Application/Info.plist;
				INFOPLIST_KEY_UIApplicationSupportsIndirectInputEvents = YES;
				INFOPLIST_KEY_UILaunchStoryboardName = LaunchScreen;
				INFOPLIST_KEY_UIMainStoryboardFile = Main;
				INFOPLIST_KEY_UISupportedInterfaceOrientations_iPad = "UIInterfaceOrientationPortrait UIInterfaceOrientationPortraitUpsideDown UIInterfaceOrientationLandscapeLeft UIInterfaceOrientationLandscapeRight";
				INFOPLIST_KEY_UISupportedInterfaceOrientations_iPhone = "UIInterfaceOrientationPortrait UIInterfaceOrientationLandscapeLeft UIInterfaceOrientationLandscapeRight";
				LD_RUNPATH_SEARCH_PATHS = (
					"$(inherited)",
					"@executable_path/Frameworks",
				);
				MARKETING_VERSION = 1.0;
				PRODUCT_BUNDLE_IDENTIFIER = clown.NewsTask;
				PRODUCT_NAME = "$(TARGET_NAME)";
				SWIFT_EMIT_LOC_STRINGS = YES;
				SWIFT_VERSION = 5.0;
				TARGETED_DEVICE_FAMILY = "1,2";
			};
			name = Release;
		};
/* End XCBuildConfiguration section */

/* Begin XCConfigurationList section */
		89C60433290129B10071A198 /* Build configuration list for PBXProject "NewsTask" */ = {
			isa = XCConfigurationList;
			buildConfigurations = (
				89C6044A290129B30071A198 /* Debug */,
				89C6044B290129B30071A198 /* Release */,
			);
			defaultConfigurationIsVisible = 0;
			defaultConfigurationName = Release;
		};
		89C6044C290129B30071A198 /* Build configuration list for PBXNativeTarget "NewsTask" */ = {
			isa = XCConfigurationList;
			buildConfigurations = (
				89C6044D290129B30071A198 /* Debug */,
				89C6044E290129B30071A198 /* Release */,
			);
			defaultConfigurationIsVisible = 0;
			defaultConfigurationName = Release;
		};
/* End XCConfigurationList section */
	};
	rootObject = 89C60430290129B10071A198 /* Project object */;
}
